
Microsoft Visual Studio Solution File, Format Version 12.00
# Visual Studio Version 17
VisualStudioVersion = 17.0.31903.59
MinimumVisualStudioVersion = 10.0.40219.1
Project("{2150E333-8FDC-42A3-9474-1A3956D46DE8}") = "src", "src", "{827E0CD3-B72D-47B6-A68D-7590B98EB39B}"
EndProject
Project("{2150E333-8FDC-42A3-9474-1A3956D46DE8}") = "BuildingBlocks", "BuildingBlocks", "{90298CBA-BD6F-3A0A-69D5-97CAD7B05E7E}"
EndProject
Project("{FAE04EC0-301F-11D3-BF4B-00C04F79EFBC}") = "Dorian.SharedKernel", "src\BuildingBlocks\Dorian.SharedKernel\Dorian.SharedKernel.csproj", "{6DB56AAD-559C-4817-8107-4622BB2729DC}"
EndProject
Project("{FAE04EC0-301F-11D3-BF4B-00C04F79EFBC}") = "Dorian.Api", "src\Api\Dorian.Api\Dorian.Api.csproj", "{816C5B6A-E280-4093-9169-1F73D0F94D83}"
EndProject
Project("{FAE04EC0-301F-11D3-BF4B-00C04F79EFBC}") = "Dorian.Modules.Identity.Domain", "src\Modules\Identity\Dorian.Modules.Identity.Domain\Dorian.Modules.Identity.Domain.csproj", "{2FC3E240-D58F-47E6-956B-4280B0A0A0D9}"
EndProject
Project("{FAE04EC0-301F-11D3-BF4B-00C04F79EFBC}") = "Dorian.Modules.Branches.Domain", "src\Modules\Branches\Dorian.Modules.Branches.Domain\Dorian.Modules.Branches.Domain.csproj", "{6377C9D3-87AE-417F-BF3B-CA0F84228DD7}"
EndProject
Project("{FAE04EC0-301F-11D3-BF4B-00C04F79EFBC}") = "Dorian.Modules.Memberships.Domain", "src\Modules\Memberships\Dorian.Modules.Memberships.Domain\Dorian.Modules.Memberships.Domain.csproj", "{D90A5122-50DC-48C8-83E4-3F36A9DF7334}"
EndProject
Project("{FAE04EC0-301F-11D3-BF4B-00C04F79EFBC}") = "Dorian.Modules.Classes.Domain", "src\Modules\Classes\Dorian.Modules.Classes.Domain\Dorian.Modules.Classes.Domain.csproj", "{1AEC40DB-E238-4C82-AA00-64752600B19F}"
EndProject
Project("{FAE04EC0-301F-11D3-BF4B-00C04F79EFBC}") = "Dorian.Modules.Promotions.Domain", "src\Modules\Promotions\Dorian.Modules.Promotions.Domain\Dorian.Modules.Promotions.Domain.csproj", "{128BADB4-4C9E-43E9-B54E-5AB8268FB995}"
EndProject
Project("{FAE04EC0-301F-11D3-BF4B-00C04F79EFBC}") = "Dorian.Modules.Training.Domain", "src\Modules\Training\Dorian.Modules.Training.Domain\Dorian.Modules.Training.Domain.csproj", "{AF2CBA3F-80FA-4C53-A947-236EABE19D8D}"
EndProject
Project("{FAE04EC0-301F-11D3-BF4B-00C04F79EFBC}") = "Dorian.Modules.Nutrition.Domain", "src\Modules\Nutrition\Dorian.Modules.Nutrition.Domain\Dorian.Modules.Nutrition.Domain.csproj", "{2C159BD0-B73D-4E7F-A907-1FE401EA495B}"
EndProject
Project("{FAE04EC0-301F-11D3-BF4B-00C04F79EFBC}") = "Dorian.Modules.Payments.Domain", "src\Modules\Payments\Dorian.Modules.Payments.Domain\Dorian.Modules.Payments.Domain.csproj", "{A203BF51-5AD5-4CB6-851B-013EBA48284A}"
EndProject
Project("{FAE04EC0-301F-11D3-BF4B-00C04F79EFBC}") = "Dorian.Modules.Auditing.Domain", "src\Modules\Auditing\Dorian.Modules.Auditing.Domain\Dorian.Modules.Auditing.Domain.csproj", "{1CB319A4-9084-4B19-96D3-508ABE79C3F5}"
EndProject
Project("{2150E333-8FDC-42A3-9474-1A3956D46DE8}") = "Application", "Application", "{22BAF98C-8415-17C4-B26A-D537657BC863}"
EndProject
Project("{FAE04EC0-301F-11D3-BF4B-00C04F79EFBC}") = "Dorian.Application", "src\Application\Dorian.Application\Dorian.Application.csproj", "{D6E8DD26-8E26-4662-ABF2-396E179A5497}"
EndProject
Project("{FAE04EC0-301F-11D3-BF4B-00C04F79EFBC}") = "Dorian.Infrastructure", "src\Infrastructure\Dorian.Infrastructure\Dorian.Infrastructure.csproj", "{10475D3D-A1BE-48BB-BF12-CD1953ECB665}"
EndProject
Global
	GlobalSection(SolutionConfigurationPlatforms) = preSolution
		Debug|Any CPU = Debug|Any CPU
		Debug|x64 = Debug|x64
		Debug|x86 = Debug|x86
		Release|Any CPU = Release|Any CPU
		Release|x64 = Release|x64
		Release|x86 = Release|x86
	EndGlobalSection
	GlobalSection(ProjectConfigurationPlatforms) = postSolution
		{6DB56AAD-559C-4817-8107-4622BB2729DC}.Debug|Any CPU.ActiveCfg = Debug|Any CPU
		{6DB56AAD-559C-4817-8107-4622BB2729DC}.Debug|Any CPU.Build.0 = Debug|Any CPU
		{6DB56AAD-559C-4817-8107-4622BB2729DC}.Debug|x64.ActiveCfg = Debug|Any CPU
		{6DB56AAD-559C-4817-8107-4622BB2729DC}.Debug|x64.Build.0 = Debug|Any CPU
		{6DB56AAD-559C-4817-8107-4622BB2729DC}.Debug|x86.ActiveCfg = Debug|Any CPU
		{6DB56AAD-559C-4817-8107-4622BB2729DC}.Debug|x86.Build.0 = Debug|Any CPU
		{6DB56AAD-559C-4817-8107-4622BB2729DC}.Release|Any CPU.ActiveCfg = Release|Any CPU
		{6DB56AAD-559C-4817-8107-4622BB2729DC}.Release|Any CPU.Build.0 = Release|Any CPU
		{6DB56AAD-559C-4817-8107-4622BB2729DC}.Release|x64.ActiveCfg = Release|Any CPU
		{6DB56AAD-559C-4817-8107-4622BB2729DC}.Release|x64.Build.0 = Release|Any CPU
		{6DB56AAD-559C-4817-8107-4622BB2729DC}.Release|x86.ActiveCfg = Release|Any CPU
		{6DB56AAD-559C-4817-8107-4622BB2729DC}.Release|x86.Build.0 = Release|Any CPU
		{816C5B6A-E280-4093-9169-1F73D0F94D83}.Debug|Any CPU.ActiveCfg = Debug|Any CPU
		{816C5B6A-E280-4093-9169-1F73D0F94D83}.Debug|Any CPU.Build.0 = Debug|Any CPU
		{816C5B6A-E280-4093-9169-1F73D0F94D83}.Debug|x64.ActiveCfg = Debug|Any CPU
		{816C5B6A-E280-4093-9169-1F73D0F94D83}.Debug|x64.Build.0 = Debug|Any CPU
		{816C5B6A-E280-4093-9169-1F73D0F94D83}.Debug|x86.ActiveCfg = Debug|Any CPU
		{816C5B6A-E280-4093-9169-1F73D0F94D83}.Debug|x86.Build.0 = Debug|Any CPU
		{816C5B6A-E280-4093-9169-1F73D0F94D83}.Release|Any CPU.ActiveCfg = Release|Any CPU
		{816C5B6A-E280-4093-9169-1F73D0F94D83}.Release|Any CPU.Build.0 = Release|Any CPU
		{816C5B6A-E280-4093-9169-1F73D0F94D83}.Release|x64.ActiveCfg = Release|Any CPU
		{816C5B6A-E280-4093-9169-1F73D0F94D83}.Release|x64.Build.0 = Release|Any CPU
		{816C5B6A-E280-4093-9169-1F73D0F94D83}.Release|x86.ActiveCfg = Release|Any CPU
		{816C5B6A-E280-4093-9169-1F73D0F94D83}.Release|x86.Build.0 = Release|Any CPU
		{2FC3E240-D58F-47E6-956B-4280B0A0A0D9}.Debug|Any CPU.ActiveCfg = Debug|Any CPU
		{2FC3E240-D58F-47E6-956B-4280B0A0A0D9}.Debug|Any CPU.Build.0 = Debug|Any CPU
		{2FC3E240-D58F-47E6-956B-4280B0A0A0D9}.Debug|x64.ActiveCfg = Debug|Any CPU
		{2FC3E240-D58F-47E6-956B-4280B0A0A0D9}.Debug|x64.Build.0 = Debug|Any CPU
		{2FC3E240-D58F-47E6-956B-4280B0A0A0D9}.Debug|x86.ActiveCfg = Debug|Any CPU
		{2FC3E240-D58F-47E6-956B-4280B0A0A0D9}.Debug|x86.Build.0 = Debug|Any CPU
		{2FC3E240-D58F-47E6-956B-4280B0A0A0D9}.Release|Any CPU.ActiveCfg = Release|Any CPU
		{2FC3E240-D58F-47E6-956B-4280B0A0A0D9}.Release|Any CPU.Build.0 = Release|Any CPU
		{2FC3E240-D58F-47E6-956B-4280B0A0A0D9}.Release|x64.ActiveCfg = Release|Any CPU
		{2FC3E240-D58F-47E6-956B-4280B0A0A0D9}.Release|x64.Build.0 = Release|Any CPU
		{2FC3E240-D58F-47E6-956B-4280B0A0A0D9}.Release|x86.ActiveCfg = Release|Any CPU
		{2FC3E240-D58F-47E6-956B-4280B0A0A0D9}.Release|x86.Build.0 = Release|Any CPU
		{6377C9D3-87AE-417F-BF3B-CA0F84228DD7}.Debug|Any CPU.ActiveCfg = Debug|Any CPU
		{6377C9D3-87AE-417F-BF3B-CA0F84228DD7}.Debug|Any CPU.Build.0 = Debug|Any CPU
		{6377C9D3-87AE-417F-BF3B-CA0F84228DD7}.Debug|x64.ActiveCfg = Debug|Any CPU
		{6377C9D3-87AE-417F-BF3B-CA0F84228DD7}.Debug|x64.Build.0 = Debug|Any CPU
		{6377C9D3-87AE-417F-BF3B-CA0F84228DD7}.Debug|x86.ActiveCfg = Debug|Any CPU
		{6377C9D3-87AE-417F-BF3B-CA0F84228DD7}.Debug|x86.Build.0 = Debug|Any CPU
		{6377C9D3-87AE-417F-BF3B-CA0F84228DD7}.Release|Any CPU.ActiveCfg = Release|Any CPU
		{6377C9D3-87AE-417F-BF3B-CA0F84228DD7}.Release|Any CPU.Build.0 = Release|Any CPU
		{6377C9D3-87AE-417F-BF3B-CA0F84228DD7}.Release|x64.ActiveCfg = Release|Any CPU
		{6377C9D3-87AE-417F-BF3B-CA0F84228DD7}.Release|x64.Build.0 = Release|Any CPU
		{6377C9D3-87AE-417F-BF3B-CA0F84228DD7}.Release|x86.ActiveCfg = Release|Any CPU
		{6377C9D3-87AE-417F-BF3B-CA0F84228DD7}.Release|x86.Build.0 = Release|Any CPU
		{D90A5122-50DC-48C8-83E4-3F36A9DF7334}.Debug|Any CPU.ActiveCfg = Debug|Any CPU
		{D90A5122-50DC-48C8-83E4-3F36A9DF7334}.Debug|Any CPU.Build.0 = Debug|Any CPU
		{D90A5122-50DC-48C8-83E4-3F36A9DF7334}.Debug|x64.ActiveCfg = Debug|Any CPU
		{D90A5122-50DC-48C8-83E4-3F36A9DF7334}.Debug|x64.Build.0 = Debug|Any CPU
		{D90A5122-50DC-48C8-83E4-3F36A9DF7334}.Debug|x86.ActiveCfg = Debug|Any CPU
		{D90A5122-50DC-48C8-83E4-3F36A9DF7334}.Debug|x86.Build.0 = Debug|Any CPU
		{D90A5122-50DC-48C8-83E4-3F36A9DF7334}.Release|Any CPU.ActiveCfg = Release|Any CPU
		{D90A5122-50DC-48C8-83E4-3F36A9DF7334}.Release|Any CPU.Build.0 = Release|Any CPU
		{D90A5122-50DC-48C8-83E4-3F36A9DF7334}.Release|x64.ActiveCfg = Release|Any CPU
		{D90A5122-50DC-48C8-83E4-3F36A9DF7334}.Release|x64.Build.0 = Release|Any CPU
		{D90A5122-50DC-48C8-83E4-3F36A9DF7334}.Release|x86.ActiveCfg = Release|Any CPU
		{D90A5122-50DC-48C8-83E4-3F36A9DF7334}.Release|x86.Build.0 = Release|Any CPU
		{1AEC40DB-E238-4C82-AA00-64752600B19F}.Debug|Any CPU.ActiveCfg = Debug|Any CPU
		{1AEC40DB-E238-4C82-AA00-64752600B19F}.Debug|Any CPU.Build.0 = Debug|Any CPU
		{1AEC40DB-E238-4C82-AA00-64752600B19F}.Debug|x64.ActiveCfg = Debug|Any CPU
		{1AEC40DB-E238-4C82-AA00-64752600B19F}.Debug|x64.Build.0 = Debug|Any CPU
		{1AEC40DB-E238-4C82-AA00-64752600B19F}.Debug|x86.ActiveCfg = Debug|Any CPU
		{1AEC40DB-E238-4C82-AA00-64752600B19F}.Debug|x86.Build.0 = Debug|Any CPU
		{1AEC40DB-E238-4C82-AA00-64752600B19F}.Release|Any CPU.ActiveCfg = Release|Any CPU
		{1AEC40DB-E238-4C82-AA00-64752600B19F}.Release|Any CPU.Build.0 = Release|Any CPU
		{1AEC40DB-E238-4C82-AA00-64752600B19F}.Release|x64.ActiveCfg = Release|Any CPU
		{1AEC40DB-E238-4C82-AA00-64752600B19F}.Release|x64.Build.0 = Release|Any CPU
		{1AEC40DB-E238-4C82-AA00-64752600B19F}.Release|x86.ActiveCfg = Release|Any CPU
		{1AEC40DB-E238-4C82-AA00-64752600B19F}.Release|x86.Build.0 = Release|Any CPU
		{128BADB4-4C9E-43E9-B54E-5AB8268FB995}.Debug|Any CPU.ActiveCfg = Debug|Any CPU
		{128BADB4-4C9E-43E9-B54E-5AB8268FB995}.Debug|Any CPU.Build.0 = Debug|Any CPU
		{128BADB4-4C9E-43E9-B54E-5AB8268FB995}.Debug|x64.ActiveCfg = Debug|Any CPU
		{128BADB4-4C9E-43E9-B54E-5AB8268FB995}.Debug|x64.Build.0 = Debug|Any CPU
		{128BADB4-4C9E-43E9-B54E-5AB8268FB995}.Debug|x86.ActiveCfg = Debug|Any CPU
		{128BADB4-4C9E-43E9-B54E-5AB8268FB995}.Debug|x86.Build.0 = Debug|Any CPU
		{128BADB4-4C9E-43E9-B54E-5AB8268FB995}.Release|Any CPU.ActiveCfg = Release|Any CPU
		{128BADB4-4C9E-43E9-B54E-5AB8268FB995}.Release|Any CPU.Build.0 = Release|Any CPU
		{128BADB4-4C9E-43E9-B54E-5AB8268FB995}.Release|x64.ActiveCfg = Release|Any CPU
		{128BADB4-4C9E-43E9-B54E-5AB8268FB995}.Release|x64.Build.0 = Release|Any CPU
		{128BADB4-4C9E-43E9-B54E-5AB8268FB995}.Release|x86.ActiveCfg = Release|Any CPU
		{128BADB4-4C9E-43E9-B54E-5AB8268FB995}.Release|x86.Build.0 = Release|Any CPU
		{AF2CBA3F-80FA-4C53-A947-236EABE19D8D}.Debug|Any CPU.ActiveCfg = Debug|Any CPU
		{AF2CBA3F-80FA-4C53-A947-236EABE19D8D}.Debug|Any CPU.Build.0 = Debug|Any CPU
		{AF2CBA3F-80FA-4C53-A947-236EABE19D8D}.Debug|x64.ActiveCfg = Debug|Any CPU
		{AF2CBA3F-80FA-4C53-A947-236EABE19D8D}.Debug|x64.Build.0 = Debug|Any CPU
		{AF2CBA3F-80FA-4C53-A947-236EABE19D8D}.Debug|x86.ActiveCfg = Debug|Any CPU
		{AF2CBA3F-80FA-4C53-A947-236EABE19D8D}.Debug|x86.Build.0 = Debug|Any CPU
		{AF2CBA3F-80FA-4C53-A947-236EABE19D8D}.Release|Any CPU.ActiveCfg = Release|Any CPU
		{AF2CBA3F-80FA-4C53-A947-236EABE19D8D}.Release|Any CPU.Build.0 = Release|Any CPU
		{AF2CBA3F-80FA-4C53-A947-236EABE19D8D}.Release|x64.ActiveCfg = Release|Any CPU
		{AF2CBA3F-80FA-4C53-A947-236EABE19D8D}.Release|x64.Build.0 = Release|Any CPU
		{AF2CBA3F-80FA-4C53-A947-236EABE19D8D}.Release|x86.ActiveCfg = Release|Any CPU
		{AF2CBA3F-80FA-4C53-A947-236EABE19D8D}.Release|x86.Build.0 = Release|Any CPU
		{2C159BD0-B73D-4E7F-A907-1FE401EA495B}.Debug|Any CPU.ActiveCfg = Debug|Any CPU
		{2C159BD0-B73D-4E7F-A907-1FE401EA495B}.Debug|Any CPU.Build.0 = Debug|Any CPU
		{2C159BD0-B73D-4E7F-A907-1FE401EA495B}.Debug|x64.ActiveCfg = Debug|Any CPU
		{2C159BD0-B73D-4E7F-A907-1FE401EA495B}.Debug|x64.Build.0 = Debug|Any CPU
		{2C159BD0-B73D-4E7F-A907-1FE401EA495B}.Debug|x86.ActiveCfg = Debug|Any CPU
		{2C159BD0-B73D-4E7F-A907-1FE401EA495B}.Debug|x86.Build.0 = Debug|Any CPU
		{2C159BD0-B73D-4E7F-A907-1FE401EA495B}.Release|Any CPU.ActiveCfg = Release|Any CPU
		{2C159BD0-B73D-4E7F-A907-1FE401EA495B}.Release|Any CPU.Build.0 = Release|Any CPU
		{2C159BD0-B73D-4E7F-A907-1FE401EA495B}.Release|x64.ActiveCfg = Release|Any CPU
		{2C159BD0-B73D-4E7F-A907-1FE401EA495B}.Release|x64.Build.0 = Release|Any CPU
		{2C159BD0-B73D-4E7F-A907-1FE401EA495B}.Release|x86.ActiveCfg = Release|Any CPU
		{2C159BD0-B73D-4E7F-A907-1FE401EA495B}.Release|x86.Build.0 = Release|Any CPU
		{A203BF51-5AD5-4CB6-851B-013EBA48284A}.Debug|Any CPU.ActiveCfg = Debug|Any CPU
		{A203BF51-5AD5-4CB6-851B-013EBA48284A}.Debug|Any CPU.Build.0 = Debug|Any CPU
		{A203BF51-5AD5-4CB6-851B-013EBA48284A}.Debug|x64.ActiveCfg = Debug|Any CPU
		{A203BF51-5AD5-4CB6-851B-013EBA48284A}.Debug|x64.Build.0 = Debug|Any CPU
		{A203BF51-5AD5-4CB6-851B-013EBA48284A}.Debug|x86.ActiveCfg = Debug|Any CPU
		{A203BF51-5AD5-4CB6-851B-013EBA48284A}.Debug|x86.Build.0 = Debug|Any CPU
		{A203BF51-5AD5-4CB6-851B-013EBA48284A}.Release|Any CPU.ActiveCfg = Release|Any CPU
		{A203BF51-5AD5-4CB6-851B-013EBA48284A}.Release|Any CPU.Build.0 = Release|Any CPU
		{A203BF51-5AD5-4CB6-851B-013EBA48284A}.Release|x64.ActiveCfg = Release|Any CPU
		{A203BF51-5AD5-4CB6-851B-013EBA48284A}.Release|x64.Build.0 = Release|Any CPU
		{A203BF51-5AD5-4CB6-851B-013EBA48284A}.Release|x86.ActiveCfg = Release|Any CPU
		{A203BF51-5AD5-4CB6-851B-013EBA48284A}.Release|x86.Build.0 = Release|Any CPU
		{1CB319A4-9084-4B19-96D3-508ABE79C3F5}.Debug|Any CPU.ActiveCfg = Debug|Any CPU
		{1CB319A4-9084-4B19-96D3-508ABE79C3F5}.Debug|Any CPU.Build.0 = Debug|Any CPU
		{1CB319A4-9084-4B19-96D3-508ABE79C3F5}.Debug|x64.ActiveCfg = Debug|Any CPU
		{1CB319A4-9084-4B19-96D3-508ABE79C3F5}.Debug|x64.Build.0 = Debug|Any CPU
		{1CB319A4-9084-4B19-96D3-508ABE79C3F5}.Debug|x86.ActiveCfg = Debug|Any CPU
		{1CB319A4-9084-4B19-96D3-508ABE79C3F5}.Debug|x86.Build.0 = Debug|Any CPU
		{1CB319A4-9084-4B19-96D3-508ABE79C3F5}.Release|Any CPU.ActiveCfg = Release|Any CPU
		{1CB319A4-9084-4B19-96D3-508ABE79C3F5}.Release|Any CPU.Build.0 = Release|Any CPU
		{1CB319A4-9084-4B19-96D3-508ABE79C3F5}.Release|x64.ActiveCfg = Release|Any CPU
		{1CB319A4-9084-4B19-96D3-508ABE79C3F5}.Release|x64.Build.0 = Release|Any CPU
		{1CB319A4-9084-4B19-96D3-508ABE79C3F5}.Release|x86.ActiveCfg = Release|Any CPU
		{1CB319A4-9084-4B19-96D3-508ABE79C3F5}.Release|x86.Build.0 = Release|Any CPU
		{D6E8DD26-8E26-4662-ABF2-396E179A5497}.Debug|Any CPU.ActiveCfg = Debug|Any CPU
		{D6E8DD26-8E26-4662-ABF2-396E179A5497}.Debug|Any CPU.Build.0 = Debug|Any CPU
		{D6E8DD26-8E26-4662-ABF2-396E179A5497}.Debug|x64.ActiveCfg = Debug|Any CPU
		{D6E8DD26-8E26-4662-ABF2-396E179A5497}.Debug|x64.Build.0 = Debug|Any CPU
		{D6E8DD26-8E26-4662-ABF2-396E179A5497}.Debug|x86.ActiveCfg = Debug|Any CPU
		{D6E8DD26-8E26-4662-ABF2-396E179A5497}.Debug|x86.Build.0 = Debug|Any CPU
		{D6E8DD26-8E26-4662-ABF2-396E179A5497}.Release|Any CPU.ActiveCfg = Release|Any CPU
		{D6E8DD26-8E26-4662-ABF2-396E179A5497}.Release|Any CPU.Build.0 = Release|Any CPU
		{D6E8DD26-8E26-4662-ABF2-396E179A5497}.Release|x64.ActiveCfg = Release|Any CPU
		{D6E8DD26-8E26-4662-ABF2-396E179A5497}.Release|x64.Build.0 = Release|Any CPU
		{D6E8DD26-8E26-4662-ABF2-396E179A5497}.Release|x86.ActiveCfg = Release|Any CPU
		{D6E8DD26-8E26-4662-ABF2-396E179A5497}.Release|x86.Build.0 = Release|Any CPU
		{10475D3D-A1BE-48BB-BF12-CD1953ECB665}.Debug|Any CPU.ActiveCfg = Debug|Any CPU
		{10475D3D-A1BE-48BB-BF12-CD1953ECB665}.Debug|Any CPU.Build.0 = Debug|Any CPU
		{10475D3D-A1BE-48BB-BF12-CD1953ECB665}.Debug|x64.ActiveCfg = Debug|Any CPU
		{10475D3D-A1BE-48BB-BF12-CD1953ECB665}.Debug|x64.Build.0 = Debug|Any CPU
		{10475D3D-A1BE-48BB-BF12-CD1953ECB665}.Debug|x86.ActiveCfg = Debug|Any CPU
		{10475D3D-A1BE-48BB-BF12-CD1953ECB665}.Debug|x86.Build.0 = Debug|Any CPU
		{10475D3D-A1BE-48BB-BF12-CD1953ECB665}.Release|Any CPU.ActiveCfg = Release|Any CPU
		{10475D3D-A1BE-48BB-BF12-CD1953ECB665}.Release|Any CPU.Build.0 = Release|Any CPU
		{10475D3D-A1BE-48BB-BF12-CD1953ECB665}.Release|x64.ActiveCfg = Release|Any CPU
		{10475D3D-A1BE-48BB-BF12-CD1953ECB665}.Release|x64.Build.0 = Release|Any CPU
		{10475D3D-A1BE-48BB-BF12-CD1953ECB665}.Release|x86.ActiveCfg = Release|Any CPU
		{10475D3D-A1BE-48BB-BF12-CD1953ECB665}.Release|x86.Build.0 = Release|Any CPU
	EndGlobalSection
	GlobalSection(SolutionProperties) = preSolution
		HideSolutionNode = FALSE
	EndGlobalSection
	GlobalSection(NestedProjects) = preSolution
		{90298CBA-BD6F-3A0A-69D5-97CAD7B05E7E} = {827E0CD3-B72D-47B6-A68D-7590B98EB39B}
		{6DB56AAD-559C-4817-8107-4622BB2729DC} = {90298CBA-BD6F-3A0A-69D5-97CAD7B05E7E}
		{816C5B6A-E280-4093-9169-1F73D0F94D83} = {90298CBA-BD6F-3A0A-69D5-97CAD7B05E7E}
		{2FC3E240-D58F-47E6-956B-4280B0A0A0D9} = {90298CBA-BD6F-3A0A-69D5-97CAD7B05E7E}
		{6377C9D3-87AE-417F-BF3B-CA0F84228DD7} = {90298CBA-BD6F-3A0A-69D5-97CAD7B05E7E}
		{D90A5122-50DC-48C8-83E4-3F36A9DF7334} = {90298CBA-BD6F-3A0A-69D5-97CAD7B05E7E}
		{1AEC40DB-E238-4C82-AA00-64752600B19F} = {90298CBA-BD6F-3A0A-69D5-97CAD7B05E7E}
		{128BADB4-4C9E-43E9-B54E-5AB8268FB995} = {90298CBA-BD6F-3A0A-69D5-97CAD7B05E7E}
		{AF2CBA3F-80FA-4C53-A947-236EABE19D8D} = {90298CBA-BD6F-3A0A-69D5-97CAD7B05E7E}
		{2C159BD0-B73D-4E7F-A907-1FE401EA495B} = {90298CBA-BD6F-3A0A-69D5-97CAD7B05E7E}
		{A203BF51-5AD5-4CB6-851B-013EBA48284A} = {90298CBA-BD6F-3A0A-69D5-97CAD7B05E7E}
		{1CB319A4-9084-4B19-96D3-508ABE79C3F5} = {90298CBA-BD6F-3A0A-69D5-97CAD7B05E7E}
		{22BAF98C-8415-17C4-B26A-D537657BC863} = {827E0CD3-B72D-47B6-A68D-7590B98EB39B}
		{D6E8DD26-8E26-4662-ABF2-396E179A5497} = {22BAF98C-8415-17C4-B26A-D537657BC863}
		{10475D3D-A1BE-48BB-BF12-CD1953ECB665} = {22BAF98C-8415-17C4-B26A-D537657BC863}
	EndGlobalSection
EndGlobal
